
Microsoft Visual Studio Solution File, Format Version 12.00
# Visual Studio 15
VisualStudioVersion = 15.0.28307.168
MinimumVisualStudioVersion = 10.0.40219.1
Project("{FAE04EC0-301F-11D3-BF4B-00C04F79EFBC}") = "PL", "PocketLibrary\PL.csproj", "{9C239F5E-572D-4FAC-B318-BEE37EA53A92}"
EndProject
Global
	GlobalSection(SolutionConfigurationPlatforms) = preSolution
		Debug|Any CPU = Debug|Any CPU
		Release|Any CPU = Release|Any CPU
	EndGlobalSection
	GlobalSection(ProjectConfigurationPlatforms) = postSolution
		{9C239F5E-572D-4FAC-B318-BEE37EA53A92}.Debug|Any CPU.ActiveCfg = Debug|Any CPU
		{9C239F5E-572D-4FAC-B318-BEE37EA53A92}.Debug|Any CPU.Build.0 = Debug|Any CPU
		{9C239F5E-572D-4FAC-B318-BEE37EA53A92}.Release|Any CPU.ActiveCfg = Release|Any CPU
		{9C239F5E-572D-4FAC-B318-BEE37EA53A92}.Release|Any CPU.Build.0 = Release|Any CPU
	EndGlobalSection
	GlobalSection(SolutionProperties) = preSolution
		HideSolutionNode = FALSE
	EndGlobalSection
	GlobalSection(ExtensibilityGlobals) = postSolution
		SolutionGuid = {974F9FAC-DC07-4CA8-BD69-D0298B1DAF82}
	EndGlobalSection
EndGlobal
